
Microsoft Visual Studio Solution File, Format Version 12.00
# Visual Studio Version 17
VisualStudioVersion = 17.11.35303.130
MinimumVisualStudioVersion = 10.0.40219.1
Project("{FAE04EC0-301F-11D3-BF4B-00C04F79EFBC}") = "Atividade1010", "Atividade1010\Atividade1010.csproj", "{DD4B1515-533F-4DF1-96A1-F26B1C052811}"
EndProject
Global
	GlobalSection(SolutionConfigurationPlatforms) = preSolution
		Debug|Any CPU = Debug|Any CPU
		Release|Any CPU = Release|Any CPU
	EndGlobalSection
	GlobalSection(ProjectConfigurationPlatforms) = postSolution
		{DD4B1515-533F-4DF1-96A1-F26B1C052811}.Debug|Any CPU.ActiveCfg = Debug|Any CPU
		{DD4B1515-533F-4DF1-96A1-F26B1C052811}.Debug|Any CPU.Build.0 = Debug|Any CPU
		{DD4B1515-533F-4DF1-96A1-F26B1C052811}.Release|Any CPU.ActiveCfg = Release|Any CPU
		{DD4B1515-533F-4DF1-96A1-F26B1C052811}.Release|Any CPU.Build.0 = Release|Any CPU
	EndGlobalSection
	GlobalSection(SolutionProperties) = preSolution
		HideSolutionNode = FALSE
	EndGlobalSection
	GlobalSection(ExtensibilityGlobals) = postSolution
		SolutionGuid = {34714167-0882-440E-8CFA-0EE7FE0AB7CA}
	EndGlobalSection
EndGlobal
